<?xml version="1.0" encoding="utf-8"?>
<Project ToolsVersion="4.0" xmlns="http://schemas.microsoft.com/developer/msbuild/2003">
  <ItemGroup>
    <Filter Include="Source Files">
      <UniqueIdentifier>{4FC737F1-C7A5-4376-A066-2A32D752A2FF}</UniqueIdentifier>
      <Extensions>cpp;c;cc;cxx;def;odl;idl;hpj;bat;asm;asmx</Extensions>
    </Filter>
    <Filter Include="Source Files\CUDA">
      <UniqueIdentifier>{704150d3-2ce0-4d7b-a989-e555d6793fce}</UniqueIdentifier>
    </Filter>
    <Filter Include="Header Files">
      <UniqueIdentifier>{93995380-89BD-4b04-88EB-625FBE52EBFB}</UniqueIdentifier>
      <Extensions>h;hpp;hxx;hm;inl;inc;xsd</Extensions>
    </Filter>
    <Filter Include="Resource Files">
      <UniqueIdentifier>{67DA6AB6-F800-4c08-8B7A-83BB121AAD01}</UniqueIdentifier>
      <Extensions>rc;ico;cur;bmp;dlg;rc2;rct;bin;rgs;gif;jpg;jpeg;jpe;resx;tiff;tif;png;wav</Extensions>
    </Filter>
    <Filter Include="Source Files\B40C">
      <UniqueIdentifier>{952ab8cf-e8bd-40c0-9161-a1c957931570}</UniqueIdentifier>
    </Filter>
  </ItemGroup>
  <ItemGroup>
    <ClCompile Include="..\..\src\pmemd_clib.c">
      <Filter>Source Files</Filter>
    </ClCompile>
    <ClCompile Include="..\..\src\cuda\gpu.cpp">
      <Filter>Source Files\CUDA</Filter>
    </ClCompile>
    <ClCompile Include="..\..\src\cuda\gputypes.cpp">
      <Filter>Source Files\CUDA</Filter>
    </ClCompile>
  </ItemGroup>
  <ItemGroup>
    <CudaCompile Include="..\..\src\cuda\kPMEInterpolation.cu">
      <Filter>Source Files\CUDA</Filter>
    </CudaCompile>
    <CudaCompile Include="..\..\src\cuda\kNLRadixSort.cu">
      <Filter>Source Files\CUDA</Filter>
    </CudaCompile>
    <CudaCompile Include="..\..\src\cuda\kNeighborList.cu">
      <Filter>Source Files\CUDA</Filter>
    </CudaCompile>
    <CudaCompile Include="..\..\src\cuda\kForcesUpdate.cu">
      <Filter>Source Files\CUDA</Filter>
    </CudaCompile>
    <CudaCompile Include="..\..\src\cuda\kCalculatePMENonbondEnergy.cu">
      <Filter>Source Files\CUDA</Filter>
    </CudaCompile>
    <CudaCompile Include="..\..\src\cuda\kCalculateLocalForces.cu">
      <Filter>Source Files\CUDA</Filter>
    </CudaCompile>
    <CudaCompile Include="..\..\src\cuda\kCalculateGBNonbondEnergy2.cu">
      <Filter>Source Files\CUDA</Filter>
    </CudaCompile>
    <CudaCompile Include="..\..\src\cuda\kCalculateGBNonbondEnergy1.cu">
      <Filter>Source Files\CUDA</Filter>
    </CudaCompile>
    <CudaCompile Include="..\..\src\cuda\kShake.cu">
      <Filter>Source Files\CUDA</Filter>
    </CudaCompile>
    <CudaCompile Include="..\..\src\cuda\kCalculateGBBornRadii.cu">
      <Filter>Source Files\CUDA</Filter>
    </CudaCompile>
  </ItemGroup>
  <ItemGroup>
    <ClInclude Include="..\..\src\cuda\kPSSE.h">
      <Filter>Header Files</Filter>
    </ClInclude>
    <ClInclude Include="..\..\src\cuda\kRandom.h">
      <Filter>Header Files</Filter>
    </ClInclude>
    <ClInclude Include="..\..\src\cuda\kU.h">
      <Filter>Header Files</Filter>
    </ClInclude>
    <ClInclude Include="..\..\src\cuda\winfunctions.h">
      <Filter>Header Files</Filter>
    </ClInclude>
    <ClInclude Include="..\..\src\cuda\cudaPROC.h">
      <Filter>Header Files</Filter>
    </ClInclude>
    <ClInclude Include="..\..\src\cuda\gpu.h">
      <Filter>Header Files</Filter>
    </ClInclude>
    <ClInclude Include="..\..\src\cuda\gputypes.h">
      <Filter>Header Files</Filter>
    </ClInclude>
    <ClInclude Include="..\..\src\cuda\kBNL.h">
      <Filter>Header Files</Filter>
    </ClInclude>
    <ClInclude Include="..\..\src\cuda\kCalculateGBBornRadii.h">
      <Filter>Header Files</Filter>
    </ClInclude>
    <ClInclude Include="..\..\src\cuda\kCalculateGBNonbondEnergy1.h">
      <Filter>Header Files</Filter>
    </ClInclude>
    <ClInclude Include="..\..\src\cuda\kCalculateGBNonbondEnergy2.h">
      <Filter>Header Files</Filter>
    </ClInclude>
    <ClInclude Include="..\..\src\cuda\kCCC.h">
      <Filter>Header Files</Filter>
    </ClInclude>
    <ClInclude Include="..\..\src\cuda\kCCF.h">
      <Filter>Header Files</Filter>
    </ClInclude>
    <ClInclude Include="..\..\src\cuda\kCLF.h">
      <Filter>Header Files</Filter>
    </ClInclude>
    <ClInclude Include="..\..\src\cuda\kLocalToGlobalKernel.h">
      <Filter>Header Files</Filter>
    </ClInclude>
    <ClInclude Include="..\..\src\cuda\kLocalToGlobalLoop.h">
      <Filter>Header Files</Filter>
    </ClInclude>
    <ClInclude Include="..\..\src\cuda\kNLCF.h">
      <Filter>Header Files</Filter>
    </ClInclude>
    <ClInclude Include="..\..\src\cuda\kNLCINE.h">
      <Filter>Header Files</Filter>
    </ClInclude>
    <ClInclude Include="..\..\src\cuda\kNLCPNE.h">
      <Filter>Header Files</Filter>
    </ClInclude>
    <ClInclude Include="..\..\src\cuda\kNLRF.h">
      <Filter>Header Files</Filter>
    </ClInclude>
    <ClInclude Include="..\..\src\cuda\kNTPCalls.h">
      <Filter>Header Files</Filter>
    </ClInclude>
    <ClInclude Include="..\..\src\cuda\kNTPKernels.h">
      <Filter>Header Files</Filter>
    </ClInclude>
    <ClInclude Include="..\..\src\cuda\kOrientForcesKernel.h">
      <Filter>Header Files</Filter>
    </ClInclude>
    <ClInclude Include="..\..\src\cuda\kOrientForcesLoop.h">
      <Filter>Header Files</Filter>
    </ClInclude>
    <ClInclude Include="..\..\src\cuda\kPGGW.h">
      <Filter>Header Files</Filter>
    </ClInclude>
    <ClInclude Include="..\..\src\cuda\kPGS.h">
      <Filter>Header Files</Filter>
    </ClInclude>
  </ItemGroup>
</Project>