
Microsoft Visual Studio Solution File, Format Version 11.00
# Visual Studio 2010
Project("{6989167D-11E4-40FE-8C1A-2192A86A7E90}") = "WinPMEMD", "Fortran\WinPMEMD.vfproj", "{1424013F-2664-42F9-96A4-74D20BBC2E1D}"
	ProjectSection(ProjectDependencies) = postProject
		{72FE281D-34A6-4B80-BF25-A2E66B9998CC} = {72FE281D-34A6-4B80-BF25-A2E66B9998CC}
	EndProjectSection
EndProject
Project("{8BC9CEB8-8B4A-11D0-8D11-00A0C91BC942}") = "C Code", "C Code\C Code.vcxproj", "{72FE281D-34A6-4B80-BF25-A2E66B9998CC}"
EndProject
Global
	GlobalSection(SolutionConfigurationPlatforms) = preSolution
		Debug|Win32 = Debug|Win32
		Debug|x64 = Debug|x64
		DebugCUDA|Win32 = DebugCUDA|Win32
		DebugCUDA|x64 = DebugCUDA|x64
		Release|Win32 = Release|Win32
		Release|x64 = Release|x64
		ReleaseCUDA|Win32 = ReleaseCUDA|Win32
		ReleaseCUDA|x64 = ReleaseCUDA|x64
		ReleaseMPI|Win32 = ReleaseMPI|Win32
		ReleaseMPI|x64 = ReleaseMPI|x64
		ReleaseMPICUDA|Win32 = ReleaseMPICUDA|Win32
		ReleaseMPICUDA|x64 = ReleaseMPICUDA|x64
	EndGlobalSection
	GlobalSection(ProjectConfigurationPlatforms) = postSolution
		{1424013F-2664-42F9-96A4-74D20BBC2E1D}.Debug|Win32.ActiveCfg = Debug|Win32
		{1424013F-2664-42F9-96A4-74D20BBC2E1D}.Debug|Win32.Build.0 = Debug|Win32
		{1424013F-2664-42F9-96A4-74D20BBC2E1D}.Debug|x64.ActiveCfg = Debug|x64
		{1424013F-2664-42F9-96A4-74D20BBC2E1D}.Debug|x64.Build.0 = Debug|x64
		{1424013F-2664-42F9-96A4-74D20BBC2E1D}.DebugCUDA|Win32.ActiveCfg = DebugCUDA|Win32
		{1424013F-2664-42F9-96A4-74D20BBC2E1D}.DebugCUDA|Win32.Build.0 = DebugCUDA|Win32
		{1424013F-2664-42F9-96A4-74D20BBC2E1D}.DebugCUDA|x64.ActiveCfg = DebugCUDA|x64
		{1424013F-2664-42F9-96A4-74D20BBC2E1D}.DebugCUDA|x64.Build.0 = DebugCUDA|x64
		{1424013F-2664-42F9-96A4-74D20BBC2E1D}.Release|Win32.ActiveCfg = Release|Win32
		{1424013F-2664-42F9-96A4-74D20BBC2E1D}.Release|Win32.Build.0 = Release|Win32
		{1424013F-2664-42F9-96A4-74D20BBC2E1D}.Release|x64.ActiveCfg = Release|x64
		{1424013F-2664-42F9-96A4-74D20BBC2E1D}.Release|x64.Build.0 = Release|x64
		{1424013F-2664-42F9-96A4-74D20BBC2E1D}.ReleaseCUDA|Win32.ActiveCfg = ReleaseCUDA|Win32
		{1424013F-2664-42F9-96A4-74D20BBC2E1D}.ReleaseCUDA|Win32.Build.0 = ReleaseCUDA|Win32
		{1424013F-2664-42F9-96A4-74D20BBC2E1D}.ReleaseCUDA|x64.ActiveCfg = ReleaseCUDA|x64
		{1424013F-2664-42F9-96A4-74D20BBC2E1D}.ReleaseCUDA|x64.Build.0 = ReleaseCUDA|x64
		{1424013F-2664-42F9-96A4-74D20BBC2E1D}.ReleaseMPI|Win32.ActiveCfg = ReleaseMPI|Win32
		{1424013F-2664-42F9-96A4-74D20BBC2E1D}.ReleaseMPI|Win32.Build.0 = ReleaseMPI|Win32
		{1424013F-2664-42F9-96A4-74D20BBC2E1D}.ReleaseMPI|x64.ActiveCfg = ReleaseMPI|x64
		{1424013F-2664-42F9-96A4-74D20BBC2E1D}.ReleaseMPI|x64.Build.0 = ReleaseMPI|x64
		{1424013F-2664-42F9-96A4-74D20BBC2E1D}.ReleaseMPICUDA|Win32.ActiveCfg = ReleaseMPICUDA|Win32
		{1424013F-2664-42F9-96A4-74D20BBC2E1D}.ReleaseMPICUDA|Win32.Build.0 = ReleaseMPICUDA|Win32
		{1424013F-2664-42F9-96A4-74D20BBC2E1D}.ReleaseMPICUDA|x64.ActiveCfg = ReleaseMPICUDA|x64
		{1424013F-2664-42F9-96A4-74D20BBC2E1D}.ReleaseMPICUDA|x64.Build.0 = ReleaseMPICUDA|x64
		{72FE281D-34A6-4B80-BF25-A2E66B9998CC}.Debug|Win32.ActiveCfg = Debug|Win32
		{72FE281D-34A6-4B80-BF25-A2E66B9998CC}.Debug|Win32.Build.0 = Debug|Win32
		{72FE281D-34A6-4B80-BF25-A2E66B9998CC}.Debug|x64.ActiveCfg = Debug|x64
		{72FE281D-34A6-4B80-BF25-A2E66B9998CC}.Debug|x64.Build.0 = Debug|x64
		{72FE281D-34A6-4B80-BF25-A2E66B9998CC}.DebugCUDA|Win32.ActiveCfg = DebugCUDA|Win32
		{72FE281D-34A6-4B80-BF25-A2E66B9998CC}.DebugCUDA|Win32.Build.0 = DebugCUDA|Win32
		{72FE281D-34A6-4B80-BF25-A2E66B9998CC}.DebugCUDA|x64.ActiveCfg = DebugCUDA|x64
		{72FE281D-34A6-4B80-BF25-A2E66B9998CC}.DebugCUDA|x64.Build.0 = DebugCUDA|x64
		{72FE281D-34A6-4B80-BF25-A2E66B9998CC}.Release|Win32.ActiveCfg = Release|Win32
		{72FE281D-34A6-4B80-BF25-A2E66B9998CC}.Release|Win32.Build.0 = Release|Win32
		{72FE281D-34A6-4B80-BF25-A2E66B9998CC}.Release|x64.ActiveCfg = Release|x64
		{72FE281D-34A6-4B80-BF25-A2E66B9998CC}.Release|x64.Build.0 = Release|x64
		{72FE281D-34A6-4B80-BF25-A2E66B9998CC}.ReleaseCUDA|Win32.ActiveCfg = ReleaseCUDA|Win32
		{72FE281D-34A6-4B80-BF25-A2E66B9998CC}.ReleaseCUDA|Win32.Build.0 = ReleaseCUDA|Win32
		{72FE281D-34A6-4B80-BF25-A2E66B9998CC}.ReleaseCUDA|x64.ActiveCfg = ReleaseCUDA|x64
		{72FE281D-34A6-4B80-BF25-A2E66B9998CC}.ReleaseCUDA|x64.Build.0 = ReleaseCUDA|x64
		{72FE281D-34A6-4B80-BF25-A2E66B9998CC}.ReleaseMPI|Win32.ActiveCfg = ReleaseMPI|Win32
		{72FE281D-34A6-4B80-BF25-A2E66B9998CC}.ReleaseMPI|Win32.Build.0 = ReleaseMPI|Win32
		{72FE281D-34A6-4B80-BF25-A2E66B9998CC}.ReleaseMPI|x64.ActiveCfg = ReleaseMPI|x64
		{72FE281D-34A6-4B80-BF25-A2E66B9998CC}.ReleaseMPI|x64.Build.0 = ReleaseMPI|x64
		{72FE281D-34A6-4B80-BF25-A2E66B9998CC}.ReleaseMPICUDA|Win32.ActiveCfg = ReleaseMPICUDA|Win32
		{72FE281D-34A6-4B80-BF25-A2E66B9998CC}.ReleaseMPICUDA|Win32.Build.0 = ReleaseMPICUDA|Win32
		{72FE281D-34A6-4B80-BF25-A2E66B9998CC}.ReleaseMPICUDA|x64.ActiveCfg = ReleaseMPICUDA|x64
		{72FE281D-34A6-4B80-BF25-A2E66B9998CC}.ReleaseMPICUDA|x64.Build.0 = ReleaseMPICUDA|x64
	EndGlobalSection
	GlobalSection(SolutionProperties) = preSolution
		HideSolutionNode = FALSE
	EndGlobalSection
EndGlobal
